<?xml version="1.0" encoding="utf-8"?>
<Project ToolsVersion="4.0" xmlns="http://schemas.microsoft.com/developer/msbuild/2003">
  <ItemGroup>
    <ClCompile Include="for_ddg.c">
      <Filter>소스 파일</Filter>
    </ClCompile>
    <ClCompile Include="for_flower.c">
      <Filter>소스 파일</Filter>
    </ClCompile>
    <ClCompile Include="for_worm.c">
      <Filter>소스 파일</Filter>
    </ClCompile>
    <ClCompile Include="LIB_c_worm.c">
      <Filter>소스 파일</Filter>
    </ClCompile>
    <ClCompile Include="LIB_ddg.c">
      <Filter>소스 파일</Filter>
    </ClCompile>
    <ClCompile Include="LIB_first_page.c">
      <Filter>소스 파일</Filter>
    </ClCompile>
    <ClCompile Include="LIB_shot.c">
      <Filter>소스 파일</Filter>
    </ClCompile>
    <ClCompile Include="LIB_stage.c">
      <Filter>소스 파일</Filter>
    </ClCompile>
    <ClCompile Include="MAIN_ddg.c">
      <Filter>소스 파일</Filter>
    </ClCompile>
    <ClCompile Include="stage1.c">
      <Filter>소스 파일</Filter>
    </ClCompile>
    <ClCompile Include="stage2.c">
      <Filter>소스 파일</Filter>
    </ClCompile>
    <ClCompile Include="stage3.c">
      <Filter>소스 파일</Filter>
    </ClCompile>
    <ClCompile Include="for_user.c" />
  </ItemGroup>
  <ItemGroup>
    <ClInclude Include="for_ddg.h">
      <Filter>헤더 파일</Filter>
    </ClInclude>
    <ClInclude Include="for_flower.h">
      <Filter>헤더 파일</Filter>
    </ClInclude>
    <ClInclude Include="for_worm.h">
      <Filter>헤더 파일</Filter>
    </ClInclude>
    <ClInclude Include="LIB_c_worm.h">
      <Filter>헤더 파일</Filter>
    </ClInclude>
    <ClInclude Include="LIB_ddg.h">
      <Filter>헤더 파일</Filter>
    </ClInclude>
    <ClInclude Include="LIB_first_page.h">
      <Filter>헤더 파일</Filter>
    </ClInclude>
    <ClInclude Include="LIB_shot.h">
      <Filter>헤더 파일</Filter>
    </ClInclude>
    <ClInclude Include="LIB_stage.h">
      <Filter>헤더 파일</Filter>
    </ClInclude>
    <ClInclude Include="for_user.h" />
  </ItemGroup>
  <ItemGroup>
    <Image Include="resource\img\ddg.png">
      <Filter>리소스 파일</Filter>
    </Image>
    <Image Include="resource\img\first_page.png">
      <Filter>리소스 파일</Filter>
    </Image>
    <Image Include="resource\img\flower.png">
      <Filter>리소스 파일</Filter>
    </Image>
    <Image Include="resource\img\login_page.png">
      <Filter>리소스 파일</Filter>
    </Image>
    <Image Include="resource\img\marsh.png">
      <Filter>리소스 파일</Filter>
    </Image>
    <Image Include="resource\img\heart.png">
      <Filter>리소스 파일</Filter>
    </Image>
    <Image Include="resource\img\page.png">
      <Filter>리소스 파일</Filter>
    </Image>
    <Image Include="resource\img\realWorm.png">
      <Filter>리소스 파일</Filter>
    </Image>
    <Image Include="road.png">
      <Filter>리소스 파일</Filter>
    </Image>
    <Image Include="wall.png">
      <Filter>리소스 파일</Filter>
    </Image>
    <Image Include="resource\img\ddg_girl.png">
      <Filter>리소스 파일</Filter>
    </Image>
    <Image Include="resource\img\ending.png">
      <Filter>리소스 파일</Filter>
    </Image>
    <Image Include="..\..\..\..\Downloads\explanation_bg.png">
      <Filter>리소스 파일</Filter>
    </Image>
  </ItemGroup>
  <ItemGroup>
    <None Include="packages.config" />
  </ItemGroup>
  <ItemGroup>
    <Filter Include="헤더 파일">
      <UniqueIdentifier>{f2908c47-9291-4a7e-a3df-85d34e274994}</UniqueIdentifier>
    </Filter>
    <Filter Include="소스 파일">
      <UniqueIdentifier>{3c46a36d-7885-499b-89e2-b0684a3ef246}</UniqueIdentifier>
    </Filter>
    <Filter Include="리소스 파일">
      <UniqueIdentifier>{5be9125b-47e9-4664-b606-e60fb1282248}</UniqueIdentifier>
    </Filter>
  </ItemGroup>
  <ItemGroup>
    <Font Include="resource\font\Inkfree.ttf">
      <Filter>리소스 파일</Filter>
    </Font>
  </ItemGroup>
  <ItemGroup>
    <Media Include="resource\aud\flowerSound.wav">
      <Filter>리소스 파일</Filter>
    </Media>
    <Media Include="resource\aud\wormSound.wav">
      <Filter>리소스 파일</Filter>
    </Media>
  </ItemGroup>
  <ItemGroup>
    <Text Include="ranking.txt">
      <Filter>리소스 파일</Filter>
    </Text>
  </ItemGroup>
</Project>